<?xml version="1.0" encoding="utf-8"?>
<Project ToolsVersion="4.0" xmlns="http://schemas.microsoft.com/developer/msbuild/2003">
  <ItemGroup>
    <Filter Include="Source Files">
      <UniqueIdentifier>{4FC737F1-C7A5-4376-A066-2A32D752A2FF}</UniqueIdentifier>
      <Extensions>cpp;c;cc;cxx;c++;cppm;ixx;def;odl;idl;hpj;bat;asm;asmx</Extensions>
    </Filter>
    <Filter Include="Header Files">
      <UniqueIdentifier>{93995380-89BD-4b04-88EB-625FBE52EBFB}</UniqueIdentifier>
      <Extensions>h;hh;hpp;hxx;h++;hm;inl;inc;ipp;xsd</Extensions>
    </Filter>
    <Filter Include="Resource Files">
      <UniqueIdentifier>{67DA6AB6-F800-4c08-8B7A-83BB121AAD01}</UniqueIdentifier>
      <Extensions>rc;ico;cur;bmp;dlg;rc2;rct;bin;rgs;gif;jpg;jpeg;jpe;resx;tiff;tif;png;wav;mfcribbon-ms</Extensions>
    </Filter>
  </ItemGroup>
  <ItemGroup>
    <ClInclude Include="DrawIntf.h">
      <Filter>Header Files</Filter>
    </ClInclude>
    <ClInclude Include="DrawUtils.h">
      <Filter>Header Files</Filter>
    </ClInclude>
    <ClInclude Include="ItemArc3P.h">
      <Filter>Header Files</Filter>
    </ClInclude>
    <ClInclude Include="ItemBase.h">
      <Filter>Header Files</Filter>
    </ClInclude>
    <ClInclude Include="ItemCmp.h">
      <Filter>Header Files</Filter>
    </ClInclude>
    <ClInclude Include="ItemCoil.h">
      <Filter>Header Files</Filter>
    </ClInclude>
    <ClInclude Include="ItemDesc.h">
      <Filter>Header Files</Filter>
    </ClInclude>
    <ClInclude Include="ItemEllipse.h">
      <Filter>Header Files</Filter>
    </ClInclude>
    <ClInclude Include="ItemJunction.h">
      <Filter>Header Files</Filter>
    </ClInclude>
    <ClInclude Include="ItemLib.h">
      <Filter>Header Files</Filter>
    </ClInclude>
    <ClInclude Include="ItemLine.h">
      <Filter>Header Files</Filter>
    </ClInclude>
    <ClInclude Include="ItemNet.h">
      <Filter>Header Files</Filter>
    </ClInclude>
    <ClInclude Include="ItemPin.h">
      <Filter>Header Files</Filter>
    </ClInclude>
    <ClInclude Include="ItemRect.h">
      <Filter>Header Files</Filter>
    </ClInclude>
    <ClInclude Include="ItemSch.h">
      <Filter>Header Files</Filter>
    </ClInclude>
    <ClInclude Include="ItemShort.h">
      <Filter>Header Files</Filter>
    </ClInclude>
    <ClInclude Include="ItemSym.h">
      <Filter>Header Files</Filter>
    </ClInclude>
    <ClInclude Include="ItemTap.h">
      <Filter>Header Files</Filter>
    </ClInclude>
    <ClInclude Include="ItemText.h">
      <Filter>Header Files</Filter>
    </ClInclude>
    <ClInclude Include="ItemTree.h">
      <Filter>Header Files</Filter>
    </ClInclude>
    <ClInclude Include="ItemTreeIO.h">
      <Filter>Header Files</Filter>
    </ClInclude>
    <ClInclude Include="ItemTriangle.h">
      <Filter>Header Files</Filter>
    </ClInclude>
    <ClInclude Include="ItemType.h">
      <Filter>Header Files</Filter>
    </ClInclude>
    <ClInclude Include="ItemTypes.h">
      <Filter>Header Files</Filter>
    </ClInclude>
    <ClInclude Include="ItemWire.h">
      <Filter>Header Files</Filter>
    </ClInclude>
    <ClInclude Include="ItemZigzag.h">
      <Filter>Header Files</Filter>
    </ClInclude>
    <ClInclude Include="ArgUtils.h">
      <Filter>Header Files</Filter>
    </ClInclude>
    <ClInclude Include="ArgUtils2.h">
      <Filter>Header Files</Filter>
    </ClInclude>
    <ClInclude Include="StrUtil.h">
      <Filter>Header Files</Filter>
    </ClInclude>
    <ClInclude Include="ItemAll.h">
      <Filter>Header Files</Filter>
    </ClInclude>
    <ClInclude Include="FileUtil.h">
      <Filter>Header Files</Filter>
    </ClInclude>
    <ClInclude Include="StrList.h">
      <Filter>Header Files</Filter>
    </ClInclude>
  </ItemGroup>
  <ItemGroup>
    <ClCompile Include="DrawIntf.cpp">
      <Filter>Source Files</Filter>
    </ClCompile>
    <ClCompile Include="ItemArc3P.cpp">
      <Filter>Source Files</Filter>
    </ClCompile>
    <ClCompile Include="ItemBase.cpp">
      <Filter>Source Files</Filter>
    </ClCompile>
    <ClCompile Include="ItemCmp.cpp">
      <Filter>Source Files</Filter>
    </ClCompile>
    <ClCompile Include="ItemCoil.cpp">
      <Filter>Source Files</Filter>
    </ClCompile>
    <ClCompile Include="ItemDesc.cpp">
      <Filter>Source Files</Filter>
    </ClCompile>
    <ClCompile Include="ItemEllipse.cpp">
      <Filter>Source Files</Filter>
    </ClCompile>
    <ClCompile Include="ItemJunction.cpp">
      <Filter>Source Files</Filter>
    </ClCompile>
    <ClCompile Include="ItemLib.cpp">
      <Filter>Source Files</Filter>
    </ClCompile>
    <ClCompile Include="ItemLine.cpp">
      <Filter>Source Files</Filter>
    </ClCompile>
    <ClCompile Include="ItemNet.cpp">
      <Filter>Source Files</Filter>
    </ClCompile>
    <ClCompile Include="ItemPin.cpp">
      <Filter>Source Files</Filter>
    </ClCompile>
    <ClCompile Include="ItemRect.cpp">
      <Filter>Source Files</Filter>
    </ClCompile>
    <ClCompile Include="ItemSch.cpp">
      <Filter>Source Files</Filter>
    </ClCompile>
    <ClCompile Include="ItemShort.cpp">
      <Filter>Source Files</Filter>
    </ClCompile>
    <ClCompile Include="ItemSym.cpp">
      <Filter>Source Files</Filter>
    </ClCompile>
    <ClCompile Include="ItemTap.cpp">
      <Filter>Source Files</Filter>
    </ClCompile>
    <ClCompile Include="ItemText.cpp">
      <Filter>Source Files</Filter>
    </ClCompile>
    <ClCompile Include="ItemTree.cpp">
      <Filter>Source Files</Filter>
    </ClCompile>
    <ClCompile Include="ItemTreeIO.cpp">
      <Filter>Source Files</Filter>
    </ClCompile>
    <ClCompile Include="ItemTriangle.cpp">
      <Filter>Source Files</Filter>
    </ClCompile>
    <ClCompile Include="ItemType.cpp">
      <Filter>Source Files</Filter>
    </ClCompile>
    <ClCompile Include="ItemWire.cpp">
      <Filter>Source Files</Filter>
    </ClCompile>
    <ClCompile Include="ItemZigzag.cpp">
      <Filter>Source Files</Filter>
    </ClCompile>
    <ClCompile Include="ArgUtils.cpp">
      <Filter>Source Files</Filter>
    </ClCompile>
    <ClCompile Include="ArgUtils2.cpp">
      <Filter>Source Files</Filter>
    </ClCompile>
    <ClCompile Include="StrUtil.cpp">
      <Filter>Source Files</Filter>
    </ClCompile>
    <ClCompile Include="FileUtil.cpp">
      <Filter>Source Files</Filter>
    </ClCompile>
  </ItemGroup>
</Project>