<Solution>
  <Configurations>
    <Platform Name="Any CPU" />
    <Platform Name="Win32" />
    <Platform Name="x86" />
  </Configurations>
  <Project Path="Devices/ATtiny85/ATtiny85.vcxproj" Id="8b59fb3d-f25f-402a-92f0-fdfdbd41fe53" />
  <Project Path="Devices/dsPIC33FJ128MC802/dsPIC33FJ128MC802.vcxproj" Id="9f00d01c-a78b-4402-a4eb-b10a97bcbb53" />
  <Project Path="Devices/PIC16F15213/PIC16F15213.vcxproj" Id="c8b012a7-b033-4f21-bac4-d5cceb81aabb" />
  <Project Path="Devices/PIC18F4550/PIC18F4550.vcxproj" Id="0b77762f-fd1c-4f58-8aec-8e8d533b8103" />
  <Project Path="Devices/PIC18F45K50/PIC18F45K50.vcxproj" Id="49961d45-dcc7-4cf3-9b92-b553ef2e64ed" />
  <Project Path="QMdbSim2_Shared/QMdbSim2_Shared.vcxitems" />
</Solution>
